
Microsoft Visual Studio Solution File, Format Version 12.00
# Visual Studio 14
VisualStudioVersion = 14.0.24720.0
MinimumVisualStudioVersion = 10.0.40219.1
Project("{FAE04EC0-301F-11D3-BF4B-00C04F79EFBC}") = "3. Big Factorial", "3. Big Factorial\3. Big Factorial.csproj", "{693B73FB-297D-4E9B-910C-0B15503EE161}"
EndProject
Global
	GlobalSection(SolutionConfigurationPlatforms) = preSolution
		Debug|Any CPU = Debug|Any CPU
		Release|Any CPU = Release|Any CPU
	EndGlobalSection
	GlobalSection(ProjectConfigurationPlatforms) = postSolution
		{693B73FB-297D-4E9B-910C-0B15503EE161}.Debug|Any CPU.ActiveCfg = Debug|Any CPU
		{693B73FB-297D-4E9B-910C-0B15503EE161}.Debug|Any CPU.Build.0 = Debug|Any CPU
		{693B73FB-297D-4E9B-910C-0B15503EE161}.Release|Any CPU.ActiveCfg = Release|Any CPU
		{693B73FB-297D-4E9B-910C-0B15503EE161}.Release|Any CPU.Build.0 = Release|Any CPU
	EndGlobalSection
	GlobalSection(SolutionProperties) = preSolution
		HideSolutionNode = FALSE
	EndGlobalSection
EndGlobal
