
Microsoft Visual Studio Solution File, Format Version 12.00
# Visual Studio 14
VisualStudioVersion = 14.0.24720.0
MinimumVisualStudioVersion = 10.0.40219.1
Project("{FAE04EC0-301F-11D3-BF4B-00C04F79EFBC}") = "14. Sort Numbers", "14. Sort Numbers\14. Sort Numbers.csproj", "{AE4AB79F-0046-432C-9267-B5BC27D2B771}"
EndProject
Global
	GlobalSection(SolutionConfigurationPlatforms) = preSolution
		Debug|Any CPU = Debug|Any CPU
		Release|Any CPU = Release|Any CPU
	EndGlobalSection
	GlobalSection(ProjectConfigurationPlatforms) = postSolution
		{AE4AB79F-0046-432C-9267-B5BC27D2B771}.Debug|Any CPU.ActiveCfg = Debug|Any CPU
		{AE4AB79F-0046-432C-9267-B5BC27D2B771}.Debug|Any CPU.Build.0 = Debug|Any CPU
		{AE4AB79F-0046-432C-9267-B5BC27D2B771}.Release|Any CPU.ActiveCfg = Release|Any CPU
		{AE4AB79F-0046-432C-9267-B5BC27D2B771}.Release|Any CPU.Build.0 = Release|Any CPU
	EndGlobalSection
	GlobalSection(SolutionProperties) = preSolution
		HideSolutionNode = FALSE
	EndGlobalSection
EndGlobal
