
Microsoft Visual Studio Solution File, Format Version 12.00
# Visual Studio 14
VisualStudioVersion = 14.0.24720.0
MinimumVisualStudioVersion = 10.0.40219.1
Project("{FAE04EC0-301F-11D3-BF4B-00C04F79EFBC}") = "14. Factorial Trailing Zeroes", "14. Factorial Trailing Zeroes\14. Factorial Trailing Zeroes.csproj", "{77C3BF17-932F-42A6-9B2F-8E30DC557D0C}"
EndProject
Global
	GlobalSection(SolutionConfigurationPlatforms) = preSolution
		Debug|Any CPU = Debug|Any CPU
		Release|Any CPU = Release|Any CPU
	EndGlobalSection
	GlobalSection(ProjectConfigurationPlatforms) = postSolution
		{77C3BF17-932F-42A6-9B2F-8E30DC557D0C}.Debug|Any CPU.ActiveCfg = Debug|Any CPU
		{77C3BF17-932F-42A6-9B2F-8E30DC557D0C}.Debug|Any CPU.Build.0 = Debug|Any CPU
		{77C3BF17-932F-42A6-9B2F-8E30DC557D0C}.Release|Any CPU.ActiveCfg = Release|Any CPU
		{77C3BF17-932F-42A6-9B2F-8E30DC557D0C}.Release|Any CPU.Build.0 = Release|Any CPU
	EndGlobalSection
	GlobalSection(SolutionProperties) = preSolution
		HideSolutionNode = FALSE
	EndGlobalSection
EndGlobal
