
Microsoft Visual Studio Solution File, Format Version 12.00
# Visual Studio 14
VisualStudioVersion = 14.0.24720.0
MinimumVisualStudioVersion = 10.0.40219.1
Project("{FAE04EC0-301F-11D3-BF4B-00C04F79EFBC}") = "3Exam5DrawFort", "3Exam5DrawFort\3Exam5DrawFort.csproj", "{393F9995-378F-4AE9-96CF-8679E7986D1A}"
EndProject
Global
	GlobalSection(SolutionConfigurationPlatforms) = preSolution
		Debug|Any CPU = Debug|Any CPU
		Release|Any CPU = Release|Any CPU
	EndGlobalSection
	GlobalSection(ProjectConfigurationPlatforms) = postSolution
		{393F9995-378F-4AE9-96CF-8679E7986D1A}.Debug|Any CPU.ActiveCfg = Debug|Any CPU
		{393F9995-378F-4AE9-96CF-8679E7986D1A}.Debug|Any CPU.Build.0 = Debug|Any CPU
		{393F9995-378F-4AE9-96CF-8679E7986D1A}.Release|Any CPU.ActiveCfg = Release|Any CPU
		{393F9995-378F-4AE9-96CF-8679E7986D1A}.Release|Any CPU.Build.0 = Release|Any CPU
	EndGlobalSection
	GlobalSection(SolutionProperties) = preSolution
		HideSolutionNode = FALSE
	EndGlobalSection
EndGlobal
